
Microsoft Visual Studio Solution File, Format Version 12.00
# Visual Studio Version 17
VisualStudioVersion = 17.3.32825.248
MinimumVisualStudioVersion = 10.0.40219.1
Project("{9A19103F-16F7-4668-BE54-9A1E7A4F7556}") = "BooksSpot.Core", "BooksSpot.Core\BooksSpot.Core.csproj", "{23273B61-7430-4F44-8F94-A308766B6D07}"
EndProject
Project("{9A19103F-16F7-4668-BE54-9A1E7A4F7556}") = "BooksSpot.Data", "BooksSpot.Dal\BooksSpot.Data.csproj", "{C4E6B4AC-C806-4B7F-90BF-60DC2E9C9F05}"
EndProject
Project("{9A19103F-16F7-4668-BE54-9A1E7A4F7556}") = "BooksSpot.Service", "BooksSpot.Service\BooksSpot.Service.csproj", "{8D32452A-1519-4F15-9958-7B2434E77C46}"
EndProject
Project("{9A19103F-16F7-4668-BE54-9A1E7A4F7556}") = "BooksSpot.Web", "BooksSpot.Web\BooksSpot.Web.csproj", "{DC644F4F-621E-433B-A00C-1183E77EE0C4}"
EndProject
Project("{FAE04EC0-301F-11D3-BF4B-00C04F79EFBC}") = "BooksSpotService.Tests", "DataProject.Tests\BooksSpotService.Tests.csproj", "{F160F59B-D0C1-4CEC-926F-8D8FFE89611B}"
EndProject
Project("{2150E333-8FDC-42A3-9474-1A3956D46DE8}") = "tests", "tests", "{2553D6F0-B766-4F4D-AF78-4CE54E33081B}"
EndProject
Project("{2150E333-8FDC-42A3-9474-1A3956D46DE8}") = "src", "src", "{D7959817-5D62-4863-9689-8E1B52B34D77}"
EndProject
Project("{FAE04EC0-301F-11D3-BF4B-00C04F79EFBC}") = "Common", "Common\Common.csproj", "{F1D8931B-2B42-4E33-9E5B-ED4DC8F482F6}"
EndProject
Global
	GlobalSection(SolutionConfigurationPlatforms) = preSolution
		Debug|Any CPU = Debug|Any CPU
		Release|Any CPU = Release|Any CPU
	EndGlobalSection
	GlobalSection(ProjectConfigurationPlatforms) = postSolution
		{23273B61-7430-4F44-8F94-A308766B6D07}.Debug|Any CPU.ActiveCfg = Debug|Any CPU
		{23273B61-7430-4F44-8F94-A308766B6D07}.Debug|Any CPU.Build.0 = Debug|Any CPU
		{23273B61-7430-4F44-8F94-A308766B6D07}.Release|Any CPU.ActiveCfg = Release|Any CPU
		{23273B61-7430-4F44-8F94-A308766B6D07}.Release|Any CPU.Build.0 = Release|Any CPU
		{C4E6B4AC-C806-4B7F-90BF-60DC2E9C9F05}.Debug|Any CPU.ActiveCfg = Debug|Any CPU
		{C4E6B4AC-C806-4B7F-90BF-60DC2E9C9F05}.Debug|Any CPU.Build.0 = Debug|Any CPU
		{C4E6B4AC-C806-4B7F-90BF-60DC2E9C9F05}.Release|Any CPU.ActiveCfg = Release|Any CPU
		{C4E6B4AC-C806-4B7F-90BF-60DC2E9C9F05}.Release|Any CPU.Build.0 = Release|Any CPU
		{8D32452A-1519-4F15-9958-7B2434E77C46}.Debug|Any CPU.ActiveCfg = Debug|Any CPU
		{8D32452A-1519-4F15-9958-7B2434E77C46}.Debug|Any CPU.Build.0 = Debug|Any CPU
		{8D32452A-1519-4F15-9958-7B2434E77C46}.Release|Any CPU.ActiveCfg = Release|Any CPU
		{8D32452A-1519-4F15-9958-7B2434E77C46}.Release|Any CPU.Build.0 = Release|Any CPU
		{DC644F4F-621E-433B-A00C-1183E77EE0C4}.Debug|Any CPU.ActiveCfg = Debug|Any CPU
		{DC644F4F-621E-433B-A00C-1183E77EE0C4}.Debug|Any CPU.Build.0 = Debug|Any CPU
		{DC644F4F-621E-433B-A00C-1183E77EE0C4}.Release|Any CPU.ActiveCfg = Release|Any CPU
		{DC644F4F-621E-433B-A00C-1183E77EE0C4}.Release|Any CPU.Build.0 = Release|Any CPU
		{F160F59B-D0C1-4CEC-926F-8D8FFE89611B}.Debug|Any CPU.ActiveCfg = Debug|Any CPU
		{F160F59B-D0C1-4CEC-926F-8D8FFE89611B}.Debug|Any CPU.Build.0 = Debug|Any CPU
		{F160F59B-D0C1-4CEC-926F-8D8FFE89611B}.Release|Any CPU.ActiveCfg = Release|Any CPU
		{F160F59B-D0C1-4CEC-926F-8D8FFE89611B}.Release|Any CPU.Build.0 = Release|Any CPU
		{F1D8931B-2B42-4E33-9E5B-ED4DC8F482F6}.Debug|Any CPU.ActiveCfg = Debug|Any CPU
		{F1D8931B-2B42-4E33-9E5B-ED4DC8F482F6}.Debug|Any CPU.Build.0 = Debug|Any CPU
		{F1D8931B-2B42-4E33-9E5B-ED4DC8F482F6}.Release|Any CPU.ActiveCfg = Release|Any CPU
		{F1D8931B-2B42-4E33-9E5B-ED4DC8F482F6}.Release|Any CPU.Build.0 = Release|Any CPU
	EndGlobalSection
	GlobalSection(SolutionProperties) = preSolution
		HideSolutionNode = FALSE
	EndGlobalSection
	GlobalSection(NestedProjects) = preSolution
		{23273B61-7430-4F44-8F94-A308766B6D07} = {D7959817-5D62-4863-9689-8E1B52B34D77}
		{C4E6B4AC-C806-4B7F-90BF-60DC2E9C9F05} = {D7959817-5D62-4863-9689-8E1B52B34D77}
		{8D32452A-1519-4F15-9958-7B2434E77C46} = {D7959817-5D62-4863-9689-8E1B52B34D77}
		{DC644F4F-621E-433B-A00C-1183E77EE0C4} = {D7959817-5D62-4863-9689-8E1B52B34D77}
		{F160F59B-D0C1-4CEC-926F-8D8FFE89611B} = {2553D6F0-B766-4F4D-AF78-4CE54E33081B}
		{F1D8931B-2B42-4E33-9E5B-ED4DC8F482F6} = {2553D6F0-B766-4F4D-AF78-4CE54E33081B}
	EndGlobalSection
	GlobalSection(ExtensibilityGlobals) = postSolution
		SolutionGuid = {87BF5FC7-540C-41C6-81EA-70458B091536}
	EndGlobalSection
EndGlobal
